
Microsoft Visual Studio Solution File, Format Version 12.00
# Visual Studio 2012
Project("{FAE04EC0-301F-11D3-BF4B-00C04F79EFBC}") = "Laba", "Laba.csproj", "{88608775-EF4D-496B-9D22-9BCCA6B887AF}"
EndProject
Global
	GlobalSection(SolutionConfigurationPlatforms) = preSolution
		Debug|Any CPU = Debug|Any CPU
		Release|Any CPU = Release|Any CPU
	EndGlobalSection
	GlobalSection(ProjectConfigurationPlatforms) = postSolution
		{88608775-EF4D-496B-9D22-9BCCA6B887AF}.Debug|Any CPU.ActiveCfg = Debug|Any CPU
		{88608775-EF4D-496B-9D22-9BCCA6B887AF}.Debug|Any CPU.Build.0 = Debug|Any CPU
		{88608775-EF4D-496B-9D22-9BCCA6B887AF}.Release|Any CPU.ActiveCfg = Release|Any CPU
		{88608775-EF4D-496B-9D22-9BCCA6B887AF}.Release|Any CPU.Build.0 = Release|Any CPU
	EndGlobalSection
	GlobalSection(SolutionProperties) = preSolution
		HideSolutionNode = FALSE
	EndGlobalSection
EndGlobal
